
Microsoft Visual Studio Solution File, Format Version 12.00
# Visual Studio 14
VisualStudioVersion = 14.0.25420.1
MinimumVisualStudioVersion = 10.0.40219.1
Project("{FAE04EC0-301F-11D3-BF4B-00C04F79EFBC}") = "WindowsViews", "WindowsViews\WindowsViews.csproj", "{B35B88D0-EEF0-4494-9568-F91D8E7AF7B1}"
EndProject
Project("{FAE04EC0-301F-11D3-BF4B-00C04F79EFBC}") = "Vista", "CLConexion\Vista.csproj", "{C78393C7-D57F-4929-AB84-595DEE2FEF5B}"
EndProject
Project("{FAE04EC0-301F-11D3-BF4B-00C04F79EFBC}") = "Modelo", "Domain\Modelo.csproj", "{B95056C4-056B-4C2D-8618-6C0DF71A36AB}"
EndProject
Global
	GlobalSection(SolutionConfigurationPlatforms) = preSolution
		Debug|Any CPU = Debug|Any CPU
		Release|Any CPU = Release|Any CPU
	EndGlobalSection
	GlobalSection(ProjectConfigurationPlatforms) = postSolution
		{B35B88D0-EEF0-4494-9568-F91D8E7AF7B1}.Debug|Any CPU.ActiveCfg = Debug|Any CPU
		{B35B88D0-EEF0-4494-9568-F91D8E7AF7B1}.Debug|Any CPU.Build.0 = Debug|Any CPU
		{B35B88D0-EEF0-4494-9568-F91D8E7AF7B1}.Release|Any CPU.ActiveCfg = Release|Any CPU
		{B35B88D0-EEF0-4494-9568-F91D8E7AF7B1}.Release|Any CPU.Build.0 = Release|Any CPU
		{C78393C7-D57F-4929-AB84-595DEE2FEF5B}.Debug|Any CPU.ActiveCfg = Debug|Any CPU
		{C78393C7-D57F-4929-AB84-595DEE2FEF5B}.Debug|Any CPU.Build.0 = Debug|Any CPU
		{C78393C7-D57F-4929-AB84-595DEE2FEF5B}.Release|Any CPU.ActiveCfg = Release|Any CPU
		{C78393C7-D57F-4929-AB84-595DEE2FEF5B}.Release|Any CPU.Build.0 = Release|Any CPU
		{B95056C4-056B-4C2D-8618-6C0DF71A36AB}.Debug|Any CPU.ActiveCfg = Debug|Any CPU
		{B95056C4-056B-4C2D-8618-6C0DF71A36AB}.Debug|Any CPU.Build.0 = Debug|Any CPU
		{B95056C4-056B-4C2D-8618-6C0DF71A36AB}.Release|Any CPU.ActiveCfg = Release|Any CPU
		{B95056C4-056B-4C2D-8618-6C0DF71A36AB}.Release|Any CPU.Build.0 = Release|Any CPU
	EndGlobalSection
	GlobalSection(SolutionProperties) = preSolution
		HideSolutionNode = FALSE
	EndGlobalSection
EndGlobal
